{
  "name": "pplugins",
  "version": "1.0.0",
  "lockfileVersion": 1,
  "requires": true,
  "dependencies": {
    "caller.js": {
      "version": "1.0.3",
      "resolved": "https://registry.npmjs.org/caller.js/-/caller.js-1.0.3.tgz",
      "integrity": "sha512-+Vz+03H3ss7fwb7j4ySprJIX4ya2hq/az2VtZnceHwdLOVoj6stblsCVCuT2ZSJSvWQ3NZzK4rLy0UopUnD0CA=="
    },
    "peeriocjs": {
      "version": "2.4.1",
      "resolved": "https://registry.npmjs.org/peeriocjs/-/peeriocjs-2.4.1.tgz",
      "integrity": "sha512-+0dzwm/aCDMXkrSGlMvPo8kzN5Uvd3ZwjbLjGsHWgk0EWdfEczqqx6N6f3b3hr+32h8nfgqoiXi40lx2z019Fw=="
    }
  }
}
