{
  "name": "pplugins.js",
  "version": "1.0.0",
  "lockfileVersion": 1,
  "requires": true,
  "dependencies": {
    "caller.js": {
      "version": "1.0.3",
      "resolved": "https://registry.npmjs.org/caller.js/-/caller.js-1.0.3.tgz",
      "integrity": "sha512-+Vz+03H3ss7fwb7j4ySprJIX4ya2hq/az2VtZnceHwdLOVoj6stblsCVCuT2ZSJSvWQ3NZzK4rLy0UopUnD0CA=="
    },
    "commander": {
      "version": "2.19.0",
      "resolved": "https://registry.npmjs.org/commander/-/commander-2.19.0.tgz",
      "integrity": "sha512-6tvAOO+D6OENvRAh524Dh9jcfKTYDQAqvqezbCW82xj5X0pSrcpxtvRKHLG0yBY6SD7PSDrJaj+0AiOcKVd1Xg=="
    },
    "find": {
      "version": "0.2.9",
      "resolved": "https://registry.npmjs.org/find/-/find-0.2.9.tgz",
      "integrity": "sha1-S3Px/55WrZG3bnFkB/5f/mVUu4w=",
      "requires": {
        "traverse-chain": "~0.1.0"
      }
    },
    "lustjson.js": {
      "version": "1.0.1",
      "resolved": "https://registry.npmjs.org/lustjson.js/-/lustjson.js-1.0.1.tgz",
      "integrity": "sha512-vp7UagoS0Znxp0gELWmGwO9XmdedDjiPDrhp43LwmN2KW6ndpVw2sYxHxgyOZk0tM98TjsMrE762JegvXPYP2Q=="
    },
    "peeriocjs": {
      "version": "2.4.2",
      "resolved": "https://registry.npmjs.org/peeriocjs/-/peeriocjs-2.4.2.tgz",
      "integrity": "sha512-bixlMGPBMRAXcOYYeMhUibVYg8irNKmqXhr7q2764oRmb48wP7OJ6AyqQSTLqVs4eO+n+cqK7ajBKmQXeAXXMA=="
    },
    "stdin.js": {
      "version": "1.1.1",
      "resolved": "https://registry.npmjs.org/stdin.js/-/stdin.js-1.1.1.tgz",
      "integrity": "sha512-yDpkgjPdrosfw171sj+13h2XDCWieoyLgU+545iV8o+W1xrvSC1ukSriyztXUT5UM+WmKgx8LN0pAdWX3vW1Og=="
    },
    "traverse-chain": {
      "version": "0.1.0",
      "resolved": "https://registry.npmjs.org/traverse-chain/-/traverse-chain-0.1.0.tgz",
      "integrity": "sha1-YdvC1Ttp/2CRoSoWj9fUMxB+QPE="
    },
    "uicli.js": {
      "version": "git+https://github.com/aceunlonely/uicli.js.git#af8741567eabb489131f26d2c162ff16353adb59",
      "from": "git+https://github.com/aceunlonely/uicli.js.git",
      "requires": {
        "lustjson.js": "^1.0.1",
        "peeriocjs": "^2.4.1",
        "stdin.js": "^1.1.1"
      }
    }
  }
}
